
Microsoft Visual Studio Solution File, Format Version 12.00
# Visual Studio 15
VisualStudioVersion = 15.0.27130.2024
MinimumVisualStudioVersion = 10.0.40219.1
Project("{FAE04EC0-301F-11D3-BF4B-00C04F79EFBC}") = "ComputerMaker", "ComputerMaker\ComputerMaker.csproj", "{266DF7EA-46C7-4D6A-A1EB-0057CD7ADBCE}"
EndProject
Global
	GlobalSection(SolutionConfigurationPlatforms) = preSolution
		Debug|Any CPU = Debug|Any CPU
		Release|Any CPU = Release|Any CPU
	EndGlobalSection
	GlobalSection(ProjectConfigurationPlatforms) = postSolution
		{266DF7EA-46C7-4D6A-A1EB-0057CD7ADBCE}.Debug|Any CPU.ActiveCfg = Debug|Any CPU
		{266DF7EA-46C7-4D6A-A1EB-0057CD7ADBCE}.Debug|Any CPU.Build.0 = Debug|Any CPU
		{266DF7EA-46C7-4D6A-A1EB-0057CD7ADBCE}.Release|Any CPU.ActiveCfg = Release|Any CPU
		{266DF7EA-46C7-4D6A-A1EB-0057CD7ADBCE}.Release|Any CPU.Build.0 = Release|Any CPU
	EndGlobalSection
	GlobalSection(SolutionProperties) = preSolution
		HideSolutionNode = FALSE
	EndGlobalSection
	GlobalSection(ExtensibilityGlobals) = postSolution
		SolutionGuid = {2CFD46F3-7B25-492F-AA33-3DB317113079}
	EndGlobalSection
EndGlobal
